// !$*UTF8*$!
{
	archiveVersion = 1;
	classes = {
	};
	objectVersion = 50;
	objects = {

/* Begin PBXBuildFile section */
		783E523625237B9E0049AAA7 /* AppDelegate.swift in Sources */ = {isa = PBXBuildFile; fileRef = 783E523525237B9E0049AAA7 /* AppDelegate.swift */; };
		783E523825237B9E0049AAA7 /* SceneDelegate.swift in Sources */ = {isa = PBXBuildFile; fileRef = 783E523725237B9E0049AAA7 /* SceneDelegate.swift */; };
		783E523A25237B9E0049AAA7 /* ContentView.swift in Sources */ = {isa = PBXBuildFile; fileRef = 783E523925237B9E0049AAA7 /* ContentView.swift */; };
		783E523C25237BA00049AAA7 /* Assets.xcassets in Resources */ = {isa = PBXBuildFile; fileRef = 783E523B25237BA00049AAA7 /* Assets.xcassets */; };
		783E523F25237BA00049AAA7 /* Preview Assets.xcassets in Resources */ = {isa = PBXBuildFile; fileRef = 783E523E25237BA00049AAA7 /* Preview Assets.xcassets */; };
		783E524225237BA10049AAA7 /* LaunchScreen.storyboard in Resources */ = {isa = PBXBuildFile; fileRef = 783E524025237BA10049AAA7 /* LaunchScreen.storyboard */; };
		783E524C2523A6E20049AAA7 /* Caveat-Bold.ttf in Resources */ = {isa = PBXBuildFile; fileRef = 783E524A2523A6E20049AAA7 /* Caveat-Bold.ttf */; };
		783E524D2523A6E20049AAA7 /* Caveat-Regular.ttf in Resources */ = {isa = PBXBuildFile; fileRef = 783E524B2523A6E20049AAA7 /* Caveat-Regular.ttf */; };
		783E524F2523A6EE0049AAA7 /* ShadowsIntoLight-Regular.ttf in Resources */ = {isa = PBXBuildFile; fileRef = 783E524E2523A6EE0049AAA7 /* ShadowsIntoLight-Regular.ttf */; };
		783E52512523A9DC0049AAA7 /* ReemKufi-Regular.ttf in Resources */ = {isa = PBXBuildFile; fileRef = 783E52502523A9DC0049AAA7 /* ReemKufi-Regular.ttf */; };
		783E52532523BB8D0049AAA7 /* InfoView.swift in Sources */ = {isa = PBXBuildFile; fileRef = 783E52522523BB8D0049AAA7 /* InfoView.swift */; };
/* End PBXBuildFile section */

/* Begin PBXFileReference section */
		783E523225237B9E0049AAA7 /* Victor Card.app */ = {isa = PBXFileReference; explicitFileType = wrapper.application; includeInIndex = 0; path = "Victor Card.app"; sourceTree = BUILT_PRODUCTS_DIR; };
		783E523525237B9E0049AAA7 /* AppDelegate.swift */ = {isa = PBXFileReference; lastKnownFileType = sourcecode.swift; path = AppDelegate.swift; sourceTree = "<group>"; };
		783E523725237B9E0049AAA7 /* SceneDelegate.swift */ = {isa = PBXFileReference; lastKnownFileType = sourcecode.swift; path = SceneDelegate.swift; sourceTree = "<group>"; };
		783E523925237B9E0049AAA7 /* ContentView.swift */ = {isa = PBXFileReference; lastKnownFileType = sourcecode.swift; path = ContentView.swift; sourceTree = "<group>"; };
		783E523B25237BA00049AAA7 /* Assets.xcassets */ = {isa = PBXFileReference; lastKnownFileType = folder.assetcatalog; path = Assets.xcassets; sourceTree = "<group>"; };
		783E523E25237BA00049AAA7 /* Preview Assets.xcassets */ = {isa = PBXFileReference; lastKnownFileType = folder.assetcatalog; path = "Preview Assets.xcassets"; sourceTree = "<group>"; };
		783E524125237BA10049AAA7 /* Base */ = {isa = PBXFileReference; lastKnownFileType = file.storyboard; name = Base; path = Base.lproj/LaunchScreen.storyboard; sourceTree = "<group>"; };
		783E524325237BA10049AAA7 /* Info.plist */ = {isa = PBXFileReference; lastKnownFileType = text.plist.xml; path = Info.plist; sourceTree = "<group>"; };
		783E524A2523A6E20049AAA7 /* Caveat-Bold.ttf */ = {isa = PBXFileReference; lastKnownFileType = file; path = "Caveat-Bold.ttf"; sourceTree = "<group>"; };
		783E524B2523A6E20049AAA7 /* Caveat-Regular.ttf */ = {isa = PBXFileReference; lastKnownFileType = file; path = "Caveat-Regular.ttf"; sourceTree = "<group>"; };
		783E524E2523A6EE0049AAA7 /* ShadowsIntoLight-Regular.ttf */ = {isa = PBXFileReference; lastKnownFileType = file; path = "ShadowsIntoLight-Regular.ttf"; sourceTree = "<group>"; };
		783E52502523A9DC0049AAA7 /* ReemKufi-Regular.ttf */ = {isa = PBXFileReference; lastKnownFileType = file; path = "ReemKufi-Regular.ttf"; sourceTree = "<group>"; };
		783E52522523BB8D0049AAA7 /* InfoView.swift */ = {isa = PBXFileReference; lastKnownFileType = sourcecode.swift; path = InfoView.swift; sourceTree = "<group>"; };
/* End PBXFileReference section */

/* Begin PBXFrameworksBuildPhase section */
		783E522F25237B9D0049AAA7 /* Frameworks */ = {
			isa = PBXFrameworksBuildPhase;
			buildActionMask = 2147483647;
			files = (
			);
			runOnlyForDeploymentPostprocessing = 0;
		};
/* End PBXFrameworksBuildPhase section */

/* Begin PBXGroup section */
		783E522925237B9D0049AAA7 = {
			isa = PBXGroup;
			children = (
				783E523425237B9E0049AAA7 /* Victor Card */,
				783E523325237B9E0049AAA7 /* Products */,
			);
			sourceTree = "<group>";
		};
		783E523325237B9E0049AAA7 /* Products */ = {
			isa = PBXGroup;
			children = (
				783E523225237B9E0049AAA7 /* Victor Card.app */,
			);
			name = Products;
			sourceTree = "<group>";
		};
		783E523425237B9E0049AAA7 /* Victor Card */ = {
			isa = PBXGroup;
			children = (
				783E52492523A6CB0049AAA7 /* fonts */,
				783E523525237B9E0049AAA7 /* AppDelegate.swift */,
				783E523725237B9E0049AAA7 /* SceneDelegate.swift */,
				783E523925237B9E0049AAA7 /* ContentView.swift */,
				783E52522523BB8D0049AAA7 /* InfoView.swift */,
				783E523B25237BA00049AAA7 /* Assets.xcassets */,
				783E524025237BA10049AAA7 /* LaunchScreen.storyboard */,
				783E524325237BA10049AAA7 /* Info.plist */,
				783E523D25237BA00049AAA7 /* Preview Content */,
			);
			path = "Victor Card";
			sourceTree = "<group>";
		};
		783E523D25237BA00049AAA7 /* Preview Content */ = {
			isa = PBXGroup;
			children = (
				783E523E25237BA00049AAA7 /* Preview Assets.xcassets */,
			);
			path = "Preview Content";
			sourceTree = "<group>";
		};
		783E52492523A6CB0049AAA7 /* fonts */ = {
			isa = PBXGroup;
			children = (
				783E524A2523A6E20049AAA7 /* Caveat-Bold.ttf */,
				783E524B2523A6E20049AAA7 /* Caveat-Regular.ttf */,
				783E524E2523A6EE0049AAA7 /* ShadowsIntoLight-Regular.ttf */,
				783E52502523A9DC0049AAA7 /* ReemKufi-Regular.ttf */,
			);
			path = fonts;
			sourceTree = "<group>";
		};
/* End PBXGroup section */

/* Begin PBXNativeTarget section */
		783E523125237B9D0049AAA7 /* Victor Card */ = {
			isa = PBXNativeTarget;
			buildConfigurationList = 783E524625237BA10049AAA7 /* Build configuration list for PBXNativeTarget "Victor Card" */;
			buildPhases = (
				783E522E25237B9D0049AAA7 /* Sources */,
				783E522F25237B9D0049AAA7 /* Frameworks */,
				783E523025237B9D0049AAA7 /* Resources */,
			);
			buildRules = (
			);
			dependencies = (
			);
			name = "Victor Card";
			productName = "Victor Card";
			productReference = 783E523225237B9E0049AAA7 /* Victor Card.app */;
			productType = "com.apple.product-type.application";
		};
/* End PBXNativeTarget section */

/* Begin PBXProject section */
		783E522A25237B9D0049AAA7 /* Project object */ = {
			isa = PBXProject;
			attributes = {
				LastSwiftUpdateCheck = 1160;
				LastUpgradeCheck = 1160;
				ORGANIZATIONNAME = "Victor Vieira Veiga";
				TargetAttributes = {
					783E523125237B9D0049AAA7 = {
						CreatedOnToolsVersion = 11.6;
					};
				};
			};
			buildConfigurationList = 783E522D25237B9D0049AAA7 /* Build configuration list for PBXProject "Victor Card" */;
			compatibilityVersion = "Xcode 9.3";
			developmentRegion = en;
			hasScannedForEncodings = 0;
			knownRegions = (
				en,
				Base,
			);
			mainGroup = 783E522925237B9D0049AAA7;
			productRefGroup = 783E523325237B9E0049AAA7 /* Products */;
			projectDirPath = "";
			projectRoot = "";
			targets = (
				783E523125237B9D0049AAA7 /* Victor Card */,
			);
		};
/* End PBXProject section */

/* Begin PBXResourcesBuildPhase section */
		783E523025237B9D0049AAA7 /* Resources */ = {
			isa = PBXResourcesBuildPhase;
			buildActionMask = 2147483647;
			files = (
				783E524F2523A6EE0049AAA7 /* ShadowsIntoLight-Regular.ttf in Resources */,
				783E524225237BA10049AAA7 /* LaunchScreen.storyboard in Resources */,
				783E52512523A9DC0049AAA7 /* ReemKufi-Regular.ttf in Resources */,
				783E524C2523A6E20049AAA7 /* Caveat-Bold.ttf in Resources */,
				783E524D2523A6E20049AAA7 /* Caveat-Regular.ttf in Resources */,
				783E523F25237BA00049AAA7 /* Preview Assets.xcassets in Resources */,
				783E523C25237BA00049AAA7 /* Assets.xcassets in Resources */,
			);
			runOnlyForDeploymentPostprocessing = 0;
		};
/* End PBXResourcesBuildPhase section */

/* Begin PBXSourcesBuildPhase section */
		783E522E25237B9D0049AAA7 /* Sources */ = {
			isa = PBXSourcesBuildPhase;
			buildActionMask = 2147483647;
			files = (
				783E52532523BB8D0049AAA7 /* InfoView.swift in Sources */,
				783E523625237B9E0049AAA7 /* AppDelegate.swift in Sources */,
				783E523825237B9E0049AAA7 /* SceneDelegate.swift in Sources */,
				783E523A25237B9E0049AAA7 /* ContentView.swift in Sources */,
			);
			runOnlyForDeploymentPostprocessing = 0;
		};
/* End PBXSourcesBuildPhase section */

/* Begin PBXVariantGroup section */
		783E524025237BA10049AAA7 /* LaunchScreen.storyboard */ = {
			isa = PBXVariantGroup;
			children = (
				783E524125237BA10049AAA7 /* Base */,
			);
			name = LaunchScreen.storyboard;
			sourceTree = "<group>";
		};
/* End PBXVariantGroup section */

/* Begin XCBuildConfiguration section */
		783E524425237BA10049AAA7 /* Debug */ = {
			isa = XCBuildConfiguration;
			buildSettings = {
				ALWAYS_SEARCH_USER_PATHS = NO;
				CLANG_ANALYZER_NONNULL = YES;
				CLANG_ANALYZER_NUMBER_OBJECT_CONVERSION = YES_AGGRESSIVE;
				CLANG_CXX_LANGUAGE_STANDARD = "gnu++14";
				CLANG_CXX_LIBRARY = "libc++";
				CLANG_ENABLE_MODULES = YES;
				CLANG_ENABLE_OBJC_ARC = YES;
				CLANG_ENABLE_OBJC_WEAK = YES;
				CLANG_WARN_BLOCK_CAPTURE_AUTORELEASING = YES;
				CLANG_WARN_BOOL_CONVERSION = YES;
				CLANG_WARN_COMMA = YES;
				CLANG_WARN_CONSTANT_CONVERSION = YES;
				CLANG_WARN_DEPRECATED_OBJC_IMPLEMENTATIONS = YES;
				CLANG_WARN_DIRECT_OBJC_ISA_USAGE = YES_ERROR;
				CLANG_WARN_DOCUMENTATION_COMMENTS = YES;
				CLANG_WARN_EMPTY_BODY = YES;
				CLANG_WARN_ENUM_CONVERSION = YES;
				CLANG_WARN_INFINITE_RECURSION = YES;
				CLANG_WARN_INT_CONVERSION = YES;
				CLANG_WARN_NON_LITERAL_NULL_CONVERSION = YES;
				CLANG_WARN_OBJC_IMPLICIT_RETAIN_SELF = YES;
				CLANG_WARN_OBJC_LITERAL_CONVERSION = YES;
				CLANG_WARN_OBJC_ROOT_CLASS = YES_ERROR;
				CLANG_WARN_RANGE_LOOP_ANALYSIS = YES;
				CLANG_WARN_STRICT_PROTOTYPES = YES;
				CLANG_WARN_SUSPICIOUS_MOVE = YES;
				CLANG_WARN_UNGUARDED_AVAILABILITY = YES_AGGRESSIVE;
				CLANG_WARN_UNREACHABLE_CODE = YES;
				CLANG_WARN__DUPLICATE_METHOD_MATCH = YES;
				COPY_PHASE_STRIP = NO;
				DEBUG_INFORMATION_FORMAT = dwarf;
				ENABLE_STRICT_OBJC_MSGSEND = YES;
				ENABLE_TESTABILITY = YES;
				GCC_C_LANGUAGE_STANDARD = gnu11;
				GCC_DYNAMIC_NO_PIC = NO;
				GCC_NO_COMMON_BLOCKS = YES;
				GCC_OPTIMIZATION_LEVEL = 0;
				GCC_PREPROCESSOR_DEFINITIONS = (
					"DEBUG=1",
					"$(inherited)",
				);
				GCC_WARN_64_TO_32_BIT_CONVERSION = YES;
				GCC_WARN_ABOUT_RETURN_TYPE = YES_ERROR;
				GCC_WARN_UNDECLARED_SELECTOR = YES;
				GCC_WARN_UNINITIALIZED_AUTOS = YES_AGGRESSIVE;
				GCC_WARN_UNUSED_FUNCTION = YES;
				GCC_WARN_UNUSED_VARIABLE = YES;
				IPHONEOS_DEPLOYMENT_TARGET = 13.6;
				MTL_ENABLE_DEBUG_INFO = INCLUDE_SOURCE;
				MTL_FAST_MATH = YES;
				ONLY_ACTIVE_ARCH = YES;
				SDKROOT = iphoneos;
				SWIFT_ACTIVE_COMPILATION_CONDITIONS = DEBUG;
				SWIFT_OPTIMIZATION_LEVEL = "-Onone";
			};
			name = Debug;
		};
		783E524525237BA10049AAA7 /* Release */ = {
			isa = XCBuildConfiguration;
			buildSettings = {
				ALWAYS_SEARCH_USER_PATHS = NO;
				CLANG_ANALYZER_NONNULL = YES;
				CLANG_ANALYZER_NUMBER_OBJECT_CONVERSION = YES_AGGRESSIVE;
				CLANG_CXX_LANGUAGE_STANDARD = "gnu++14";
				CLANG_CXX_LIBRARY = "libc++";
				CLANG_ENABLE_MODULES = YES;
				CLANG_ENABLE_OBJC_ARC = YES;
				CLANG_ENABLE_OBJC_WEAK = YES;
				CLANG_WARN_BLOCK_CAPTURE_AUTORELEASING = YES;
				CLANG_WARN_BOOL_CONVERSION = YES;
				CLANG_WARN_COMMA = YES;
				CLANG_WARN_CONSTANT_CONVERSION = YES;
				CLANG_WARN_DEPRECATED_OBJC_IMPLEMENTATIONS = YES;
				CLANG_WARN_DIRECT_OBJC_ISA_USAGE = YES_ERROR;
				CLANG_WARN_DOCUMENTATION_COMMENTS = YES;
				CLANG_WARN_EMPTY_BODY = YES;
				CLANG_WARN_ENUM_CONVERSION = YES;
				CLANG_WARN_INFINITE_RECURSION = YES;
				CLANG_WARN_INT_CONVERSION = YES;
				CLANG_WARN_NON_LITERAL_NULL_CONVERSION = YES;
				CLANG_WARN_OBJC_IMPLICIT_RETAIN_SELF = YES;
				CLANG_WARN_OBJC_LITERAL_CONVERSION = YES;
				CLANG_WARN_OBJC_ROOT_CLASS = YES_ERROR;
				CLANG_WARN_RANGE_LOOP_ANALYSIS = YES;
				CLANG_WARN_STRICT_PROTOTYPES = YES;
				CLANG_WARN_SUSPICIOUS_MOVE = YES;
				CLANG_WARN_UNGUARDED_AVAILABILITY = YES_AGGRESSIVE;
				CLANG_WARN_UNREACHABLE_CODE = YES;
				CLANG_WARN__DUPLICATE_METHOD_MATCH = YES;
				COPY_PHASE_STRIP = NO;
				DEBUG_INFORMATION_FORMAT = "dwarf-with-dsym";
				ENABLE_NS_ASSERTIONS = NO;
				ENABLE_STRICT_OBJC_MSGSEND = YES;
				GCC_C_LANGUAGE_STANDARD = gnu11;
				GCC_NO_COMMON_BLOCKS = YES;
				GCC_WARN_64_TO_32_BIT_CONVERSION = YES;
				GCC_WARN_ABOUT_RETURN_TYPE = YES_ERROR;
				GCC_WARN_UNDECLARED_SELECTOR = YES;
				GCC_WARN_UNINITIALIZED_AUTOS = YES_AGGRESSIVE;
				GCC_WARN_UNUSED_FUNCTION = YES;
				GCC_WARN_UNUSED_VARIABLE = YES;
				IPHONEOS_DEPLOYMENT_TARGET = 13.6;
				MTL_ENABLE_DEBUG_INFO = NO;
				MTL_FAST_MATH = YES;
				SDKROOT = iphoneos;
				SWIFT_COMPILATION_MODE = wholemodule;
				SWIFT_OPTIMIZATION_LEVEL = "-O";
				VALIDATE_PRODUCT = YES;
			};
			name = Release;
		};
		783E524725237BA10049AAA7 /* Debug */ = {
			isa = XCBuildConfiguration;
			buildSettings = {
				ASSETCATALOG_COMPILER_APPICON_NAME = AppIcon;
				CODE_SIGN_STYLE = Automatic;
				DEVELOPMENT_ASSET_PATHS = "\"Victor Card/Preview Content\"";
				DEVELOPMENT_TEAM = PUPU794X52;
				ENABLE_PREVIEWS = YES;
				INFOPLIST_FILE = "Victor Card/Info.plist";
				LD_RUNPATH_SEARCH_PATHS = (
					"$(inherited)",
					"@executable_path/Frameworks",
				);
				PRODUCT_BUNDLE_IDENTIFIER = "com.victor.veiga.Victor-Card";
				PRODUCT_NAME = "$(TARGET_NAME)";
				SWIFT_VERSION = 5.0;
				TARGETED_DEVICE_FAMILY = "1,2";
			};
			name = Debug;
		};
		783E524825237BA10049AAA7 /* Release */ = {
			isa = XCBuildConfiguration;
			buildSettings = {
				ASSETCATALOG_COMPILER_APPICON_NAME = AppIcon;
				CODE_SIGN_STYLE = Automatic;
				DEVELOPMENT_ASSET_PATHS = "\"Victor Card/Preview Content\"";
				DEVELOPMENT_TEAM = PUPU794X52;
				ENABLE_PREVIEWS = YES;
				INFOPLIST_FILE = "Victor Card/Info.plist";
				LD_RUNPATH_SEARCH_PATHS = (
					"$(inherited)",
					"@executable_path/Frameworks",
				);
				PRODUCT_BUNDLE_IDENTIFIER = "com.victor.veiga.Victor-Card";
				PRODUCT_NAME = "$(TARGET_NAME)";
				SWIFT_VERSION = 5.0;
				TARGETED_DEVICE_FAMILY = "1,2";
			};
			name = Release;
		};
/* End XCBuildConfiguration section */

/* Begin XCConfigurationList section */
		783E522D25237B9D0049AAA7 /* Build configuration list for PBXProject "Victor Card" */ = {
			isa = XCConfigurationList;
			buildConfigurations = (
				783E524425237BA10049AAA7 /* Debug */,
				783E524525237BA10049AAA7 /* Release */,
			);
			defaultConfigurationIsVisible = 0;
			defaultConfigurationName = Release;
		};
		783E524625237BA10049AAA7 /* Build configuration list for PBXNativeTarget "Victor Card" */ = {
			isa = XCConfigurationList;
			buildConfigurations = (
				783E524725237BA10049AAA7 /* Debug */,
				783E524825237BA10049AAA7 /* Release */,
			);
			defaultConfigurationIsVisible = 0;
			defaultConfigurationName = Release;
		};
/* End XCConfigurationList section */
	};
	rootObject = 783E522A25237B9D0049AAA7 /* Project object */;
}
